
Microsoft Visual Studio Solution File, Format Version 12.00
# Visual Studio Version 16
VisualStudioVersion = 16.0.808.3
MinimumVisualStudioVersion = 10.0.40219.1
Project("{FAE04EC0-301F-11D3-BF4B-00C04F79EFBC}") = "Launch", "Launch.csproj", "{A1B344F6-52D2-43BC-9800-64D3838AC6A0}"
EndProject
Global
	GlobalSection(SolutionConfigurationPlatforms) = preSolution
		Debug|Any CPU = Debug|Any CPU
		Release|Any CPU = Release|Any CPU
	EndGlobalSection
	GlobalSection(ProjectConfigurationPlatforms) = postSolution
		{A1B344F6-52D2-43BC-9800-64D3838AC6A0}.Debug|Any CPU.ActiveCfg = Debug|Any CPU
		{A1B344F6-52D2-43BC-9800-64D3838AC6A0}.Debug|Any CPU.Build.0 = Debug|Any CPU
		{A1B344F6-52D2-43BC-9800-64D3838AC6A0}.Release|Any CPU.ActiveCfg = Release|Any CPU
		{A1B344F6-52D2-43BC-9800-64D3838AC6A0}.Release|Any CPU.Build.0 = Release|Any CPU
	EndGlobalSection
	GlobalSection(SolutionProperties) = preSolution
		HideSolutionNode = FALSE
	EndGlobalSection
	GlobalSection(ExtensibilityGlobals) = postSolution
		SolutionGuid = {8992F416-1693-47F5-B2D3-C1AC9B9E4003}
	EndGlobalSection
EndGlobal
